
Microsoft Visual Studio Solution File, Format Version 12.00
# Visual Studio Version 16
VisualStudioVersion = 25.0.1706.12
MinimumVisualStudioVersion = 10.0.40219.1
Project("{FAE04EC0-301F-11D3-BF4B-00C04F79EFBC}") = "EXERC02-AT", "EXERC02-AT\EXERC02-AT.csproj", "{C0530B3C-F89D-4310-BED6-FB031204F9B7}"
EndProject
Global
	GlobalSection(SolutionConfigurationPlatforms) = preSolution
		Debug|Any CPU = Debug|Any CPU
		Release|Any CPU = Release|Any CPU
	EndGlobalSection
	GlobalSection(ProjectConfigurationPlatforms) = postSolution
		{C0530B3C-F89D-4310-BED6-FB031204F9B7}.Debug|Any CPU.ActiveCfg = Debug|Any CPU
		{C0530B3C-F89D-4310-BED6-FB031204F9B7}.Debug|Any CPU.Build.0 = Debug|Any CPU
		{C0530B3C-F89D-4310-BED6-FB031204F9B7}.Release|Any CPU.ActiveCfg = Release|Any CPU
		{C0530B3C-F89D-4310-BED6-FB031204F9B7}.Release|Any CPU.Build.0 = Release|Any CPU
	EndGlobalSection
	GlobalSection(SolutionProperties) = preSolution
		HideSolutionNode = FALSE
	EndGlobalSection
	GlobalSection(ExtensibilityGlobals) = postSolution
		SolutionGuid = {95A141CF-4885-4E66-B967-BEE72AED5617}
	EndGlobalSection
EndGlobal
